// !$*UTF8*$!
{
	archiveVersion = 1;
	classes = {
	};
	objectVersion = 46;
	objects = {

/* Begin PBXBuildFile section */
		1582BC821EE4C9CA0087D139 /* UIViewController.swift in Sources */ = {isa = PBXBuildFile; fileRef = 1582BC811EE4C9CA0087D139 /* UIViewController.swift */; };
		1582BC851EE4D2A60087D139 /* RepositoryDateTransform.swift in Sources */ = {isa = PBXBuildFile; fileRef = 1582BC841EE4D2A60087D139 /* RepositoryDateTransform.swift */; };
		158CA0C51EE4B0BD0015CA1B /* AppDelegate.swift in Sources */ = {isa = PBXBuildFile; fileRef = 158CA0C11EE4B0BD0015CA1B /* AppDelegate.swift */; };
		158CA0CA1EE4B5270015CA1B /* Muli-Bold.ttf in Resources */ = {isa = PBXBuildFile; fileRef = 158CA0C71EE4B5270015CA1B /* Muli-Bold.ttf */; };
		158CA0CB1EE4B5270015CA1B /* Muli-Light.ttf in Resources */ = {isa = PBXBuildFile; fileRef = 158CA0C81EE4B5270015CA1B /* Muli-Light.ttf */; };
		158CA0CC1EE4B5270015CA1B /* Muli-Regular.ttf in Resources */ = {isa = PBXBuildFile; fileRef = 158CA0C91EE4B5270015CA1B /* Muli-Regular.ttf */; };
		158CA0CE1EE4B58C0015CA1B /* RepositoriesViewController.swift in Sources */ = {isa = PBXBuildFile; fileRef = 158CA0CD1EE4B58C0015CA1B /* RepositoriesViewController.swift */; };
		158CA0D01EE4B59A0015CA1B /* RepositoryViewController.swift in Sources */ = {isa = PBXBuildFile; fileRef = 158CA0CF1EE4B59A0015CA1B /* RepositoryViewController.swift */; };
		158CA0D21EE4B5AA0015CA1B /* Repository.swift in Sources */ = {isa = PBXBuildFile; fileRef = 158CA0D11EE4B5AA0015CA1B /* Repository.swift */; };
		158CA0D41EE4B8D70015CA1B /* APIManager.swift in Sources */ = {isa = PBXBuildFile; fileRef = 158CA0D31EE4B8D70015CA1B /* APIManager.swift */; };
		30DAB8D088A53174D720F402 /* LaunchScreen.xib in Resources */ = {isa = PBXBuildFile; fileRef = 3C6E6A25A26EF7C5717F49C5 /* LaunchScreen.xib */; };
		AB1779A30856A2073F879323 /* Foundation.framework in Frameworks */ = {isa = PBXBuildFile; fileRef = 4D3B97A64AF591F10D3D5F03 /* Foundation.framework */; };
		D51E22FB10AC9BC4AAC516DB /* Pods_SamsaoTest.framework in Frameworks */ = {isa = PBXBuildFile; fileRef = 7C6D30E543E3B9A6C0A8DAEE /* Pods_SamsaoTest.framework */; };
		E02C6D09E4754C050189D6D2 /* Main.storyboard in Resources */ = {isa = PBXBuildFile; fileRef = F3B746D45E61C4B90FB461CA /* Main.storyboard */; };
		EED19C54F77984A4ED10FBE9 /* Settings.bundle in Resources */ = {isa = PBXBuildFile; fileRef = F5428F1A10283C97E401F946 /* Settings.bundle */; };
		FF0370D8EABF727B202A4634 /* Images.xcassets in Resources */ = {isa = PBXBuildFile; fileRef = B03F27EA19207DBB02CA1252 /* Images.xcassets */; };
/* End PBXBuildFile section */

/* Begin PBXContainerItemProxy section */
		E9B561C6154FC6F6928D7669 /* PBXContainerItemProxy */ = {
			isa = PBXContainerItemProxy;
			containerPortal = C41625FCBC071A6BEAF3E9DC /* Project object */;
			proxyType = 1;
			remoteGlobalIDString = 27716DFF58208BD0FEE63C15;
			remoteInfo = SamsaoTest;
		};
/* End PBXContainerItemProxy section */

/* Begin PBXFileReference section */
		06AC0D7D02AD00A7CDEE668E /* UnitTests-Info.plist */ = {isa = PBXFileReference; includeInIndex = 1; lastKnownFileType = text.plist.xml; path = "UnitTests-Info.plist"; sourceTree = "<group>"; };
		0E0B1E3C3187E6E655FB5AC6 /* Info.plist */ = {isa = PBXFileReference; includeInIndex = 1; lastKnownFileType = text.plist.xml; path = Info.plist; sourceTree = "<group>"; };
		1582BC811EE4C9CA0087D139 /* UIViewController.swift */ = {isa = PBXFileReference; fileEncoding = 4; lastKnownFileType = sourcecode.swift; path = UIViewController.swift; sourceTree = "<group>"; };
		1582BC841EE4D2A60087D139 /* RepositoryDateTransform.swift */ = {isa = PBXFileReference; fileEncoding = 4; lastKnownFileType = sourcecode.swift; path = RepositoryDateTransform.swift; sourceTree = "<group>"; };
		158CA0C11EE4B0BD0015CA1B /* AppDelegate.swift */ = {isa = PBXFileReference; fileEncoding = 4; lastKnownFileType = sourcecode.swift; path = AppDelegate.swift; sourceTree = "<group>"; };
		158CA0C71EE4B5270015CA1B /* Muli-Bold.ttf */ = {isa = PBXFileReference; lastKnownFileType = file; path = "Muli-Bold.ttf"; sourceTree = "<group>"; };
		158CA0C81EE4B5270015CA1B /* Muli-Light.ttf */ = {isa = PBXFileReference; lastKnownFileType = file; path = "Muli-Light.ttf"; sourceTree = "<group>"; };
		158CA0C91EE4B5270015CA1B /* Muli-Regular.ttf */ = {isa = PBXFileReference; lastKnownFileType = file; path = "Muli-Regular.ttf"; sourceTree = "<group>"; };
		158CA0CD1EE4B58C0015CA1B /* RepositoriesViewController.swift */ = {isa = PBXFileReference; fileEncoding = 4; lastKnownFileType = sourcecode.swift; path = RepositoriesViewController.swift; sourceTree = "<group>"; };
		158CA0CF1EE4B59A0015CA1B /* RepositoryViewController.swift */ = {isa = PBXFileReference; fileEncoding = 4; lastKnownFileType = sourcecode.swift; path = RepositoryViewController.swift; sourceTree = "<group>"; };
		158CA0D11EE4B5AA0015CA1B /* Repository.swift */ = {isa = PBXFileReference; fileEncoding = 4; lastKnownFileType = sourcecode.swift; path = Repository.swift; sourceTree = "<group>"; };
		158CA0D31EE4B8D70015CA1B /* APIManager.swift */ = {isa = PBXFileReference; fileEncoding = 4; lastKnownFileType = sourcecode.swift; path = APIManager.swift; sourceTree = "<group>"; };
		2D47286DF6FB85F598A19DBA /* Pods-SamsaoTest.debug.xcconfig */ = {isa = PBXFileReference; includeInIndex = 1; lastKnownFileType = text.xcconfig; name = "Pods-SamsaoTest.debug.xcconfig"; path = "Pods/Target Support Files/Pods-SamsaoTest/Pods-SamsaoTest.debug.xcconfig"; sourceTree = "<group>"; };
		3B72D01D0F3986196F9596EA /* UnitTests.xctest */ = {isa = PBXFileReference; explicitFileType = wrapper.cfbundle; includeInIndex = 0; path = UnitTests.xctest; sourceTree = BUILT_PRODUCTS_DIR; };
		3C6E6A25A26EF7C5717F49C5 /* LaunchScreen.xib */ = {isa = PBXFileReference; includeInIndex = 1; lastKnownFileType = file.xib; path = LaunchScreen.xib; sourceTree = "<group>"; };
		4D3B97A64AF591F10D3D5F03 /* Foundation.framework */ = {isa = PBXFileReference; lastKnownFileType = wrapper.framework; name = Foundation.framework; path = Platforms/iPhoneOS.platform/Developer/SDKs/iPhoneOS8.3.sdk/System/Library/Frameworks/Foundation.framework; sourceTree = DEVELOPER_DIR; };
		7C6D30E543E3B9A6C0A8DAEE /* Pods_SamsaoTest.framework */ = {isa = PBXFileReference; explicitFileType = wrapper.framework; includeInIndex = 0; path = Pods_SamsaoTest.framework; sourceTree = BUILT_PRODUCTS_DIR; };
		9A027354AC7AD7CBACAAF4CD /* SamsaoTest.app */ = {isa = PBXFileReference; explicitFileType = wrapper.application; includeInIndex = 0; path = SamsaoTest.app; sourceTree = BUILT_PRODUCTS_DIR; };
		B03F27EA19207DBB02CA1252 /* Images.xcassets */ = {isa = PBXFileReference; includeInIndex = 1; lastKnownFileType = folder.assetcatalog; path = Images.xcassets; sourceTree = "<group>"; };
		D2876E96B0E6E0618185C16E /* Pods-SamsaoTest.release.xcconfig */ = {isa = PBXFileReference; includeInIndex = 1; lastKnownFileType = text.xcconfig; name = "Pods-SamsaoTest.release.xcconfig"; path = "Pods/Target Support Files/Pods-SamsaoTest/Pods-SamsaoTest.release.xcconfig"; sourceTree = "<group>"; };
		EFBB2DCC1CBF50064D4369A2 /* Pods.framework */ = {isa = PBXFileReference; explicitFileType = wrapper.framework; includeInIndex = 0; path = Pods.framework; sourceTree = BUILT_PRODUCTS_DIR; };
		F3B746D45E61C4B90FB461CA /* Main.storyboard */ = {isa = PBXFileReference; includeInIndex = 1; lastKnownFileType = file.storyboard; path = Main.storyboard; sourceTree = "<group>"; };
		F5428F1A10283C97E401F946 /* Settings.bundle */ = {isa = PBXFileReference; includeInIndex = 1; lastKnownFileType = "wrapper.plug-in"; path = Settings.bundle; sourceTree = "<group>"; };
/* End PBXFileReference section */

/* Begin PBXFrameworksBuildPhase section */
		2DBC1DF2BB575AF11B906F87 /* Frameworks */ = {
			isa = PBXFrameworksBuildPhase;
			buildActionMask = 2147483647;
			files = (
				AB1779A30856A2073F879323 /* Foundation.framework in Frameworks */,
				D51E22FB10AC9BC4AAC516DB /* Pods_SamsaoTest.framework in Frameworks */,
			);
			runOnlyForDeploymentPostprocessing = 0;
		};
		D4B2C66AF488C451F4E60A5D /* Frameworks */ = {
			isa = PBXFrameworksBuildPhase;
			buildActionMask = 2147483647;
			files = (
			);
			runOnlyForDeploymentPostprocessing = 0;
		};
/* End PBXFrameworksBuildPhase section */

/* Begin PBXGroup section */
		1582BC801EE4C9BF0087D139 /* Extensions */ = {
			isa = PBXGroup;
			children = (
				1582BC811EE4C9CA0087D139 /* UIViewController.swift */,
			);
			path = Extensions;
			sourceTree = "<group>";
		};
		1582BC831EE4D28C0087D139 /* Other */ = {
			isa = PBXGroup;
			children = (
				1582BC841EE4D2A60087D139 /* RepositoryDateTransform.swift */,
			);
			path = Other;
			sourceTree = "<group>";
		};
		158CA0C01EE4B0BD0015CA1B /* Code */ = {
			isa = PBXGroup;
			children = (
				158CA0C11EE4B0BD0015CA1B /* AppDelegate.swift */,
				1582BC831EE4D28C0087D139 /* Other */,
				1582BC801EE4C9BF0087D139 /* Extensions */,
				158CA0C21EE4B0BD0015CA1B /* Controllers */,
				158CA0C31EE4B0BD0015CA1B /* Models */,
				158CA0C41EE4B0BD0015CA1B /* Views */,
			);
			path = Code;
			sourceTree = "<group>";
		};
		158CA0C21EE4B0BD0015CA1B /* Controllers */ = {
			isa = PBXGroup;
			children = (
				158CA0CD1EE4B58C0015CA1B /* RepositoriesViewController.swift */,
				158CA0CF1EE4B59A0015CA1B /* RepositoryViewController.swift */,
			);
			path = Controllers;
			sourceTree = "<group>";
		};
		158CA0C31EE4B0BD0015CA1B /* Models */ = {
			isa = PBXGroup;
			children = (
				158CA0D11EE4B5AA0015CA1B /* Repository.swift */,
				158CA0D31EE4B8D70015CA1B /* APIManager.swift */,
			);
			path = Models;
			sourceTree = "<group>";
		};
		158CA0C41EE4B0BD0015CA1B /* Views */ = {
			isa = PBXGroup;
			children = (
			);
			path = Views;
			sourceTree = "<group>";
		};
		158CA0C61EE4B5270015CA1B /* Fonts */ = {
			isa = PBXGroup;
			children = (
				158CA0C71EE4B5270015CA1B /* Muli-Bold.ttf */,
				158CA0C81EE4B5270015CA1B /* Muli-Light.ttf */,
				158CA0C91EE4B5270015CA1B /* Muli-Regular.ttf */,
			);
			path = Fonts;
			sourceTree = "<group>";
		};
		3D2FB02A6DD31C5BEB5346FA /* iOS */ = {
			isa = PBXGroup;
			children = (
				4D3B97A64AF591F10D3D5F03 /* Foundation.framework */,
			);
			name = iOS;
			sourceTree = "<group>";
		};
		43C48C1A1E34602179AFC4DD /* Tests */ = {
			isa = PBXGroup;
			children = (
			);
			path = Tests;
			sourceTree = "<group>";
		};
		4B0894464CC536B4EF8FF35C /* Frameworks */ = {
			isa = PBXGroup;
			children = (
				3D2FB02A6DD31C5BEB5346FA /* iOS */,
				EFBB2DCC1CBF50064D4369A2 /* Pods.framework */,
				7C6D30E543E3B9A6C0A8DAEE /* Pods_SamsaoTest.framework */,
			);
			name = Frameworks;
			sourceTree = "<group>";
		};
		57536F98121A0DA2E56F6F58 /* Resources */ = {
			isa = PBXGroup;
			children = (
				B03F27EA19207DBB02CA1252 /* Images.xcassets */,
				158CA0C61EE4B5270015CA1B /* Fonts */,
				6B2F54F7B6EDFF89EFD794A5 /* Storyboards */,
				775B9FD66BDE404121F5E092 /* Nibs */,
				66F7B280201A8CF44ED48C39 /* Other-Sources */,
				F5428F1A10283C97E401F946 /* Settings.bundle */,
			);
			path = Resources;
			sourceTree = "<group>";
		};
		66F7B280201A8CF44ED48C39 /* Other-Sources */ = {
			isa = PBXGroup;
			children = (
				0E0B1E3C3187E6E655FB5AC6 /* Info.plist */,
			);
			path = "Other-Sources";
			sourceTree = "<group>";
		};
		6933C9B953338B1ECF1E6D7C /* Helpers */ = {
			isa = PBXGroup;
			children = (
			);
			path = Helpers;
			sourceTree = "<group>";
		};
		6B2F54F7B6EDFF89EFD794A5 /* Storyboards */ = {
			isa = PBXGroup;
			children = (
				F3B746D45E61C4B90FB461CA /* Main.storyboard */,
			);
			path = Storyboards;
			sourceTree = "<group>";
		};
		6E0BE93FEEA8FAA7B27FF265 /* Products */ = {
			isa = PBXGroup;
			children = (
				9A027354AC7AD7CBACAAF4CD /* SamsaoTest.app */,
				3B72D01D0F3986196F9596EA /* UnitTests.xctest */,
			);
			name = Products;
			sourceTree = "<group>";
		};
		6E3D71C234FF10DA43B80602 /* UnitTests */ = {
			isa = PBXGroup;
			children = (
				F5F294BA77433A77169ED43D /* Resources */,
				6933C9B953338B1ECF1E6D7C /* Helpers */,
				43C48C1A1E34602179AFC4DD /* Tests */,
			);
			path = UnitTests;
			sourceTree = "<group>";
		};
		775B9FD66BDE404121F5E092 /* Nibs */ = {
			isa = PBXGroup;
			children = (
				3C6E6A25A26EF7C5717F49C5 /* LaunchScreen.xib */,
			);
			path = Nibs;
			sourceTree = "<group>";
		};
		C4349D369EB3CDD14169520A /* Pods */ = {
			isa = PBXGroup;
			children = (
				D2876E96B0E6E0618185C16E /* Pods-SamsaoTest.release.xcconfig */,
				2D47286DF6FB85F598A19DBA /* Pods-SamsaoTest.debug.xcconfig */,
			);
			name = Pods;
			sourceTree = "<group>";
		};
		D3F626195586F88C66FC84E2 /* SamsaoTest */ = {
			isa = PBXGroup;
			children = (
				158CA0C01EE4B0BD0015CA1B /* Code */,
				57536F98121A0DA2E56F6F58 /* Resources */,
			);
			path = SamsaoTest;
			sourceTree = "<group>";
		};
		F5F294BA77433A77169ED43D /* Resources */ = {
			isa = PBXGroup;
			children = (
				06AC0D7D02AD00A7CDEE668E /* UnitTests-Info.plist */,
			);
			path = Resources;
			sourceTree = "<group>";
		};
		FEB61CB79F4939FCCB791E56 = {
			isa = PBXGroup;
			children = (
				D3F626195586F88C66FC84E2 /* SamsaoTest */,
				6E3D71C234FF10DA43B80602 /* UnitTests */,
				4B0894464CC536B4EF8FF35C /* Frameworks */,
				6E0BE93FEEA8FAA7B27FF265 /* Products */,
				C4349D369EB3CDD14169520A /* Pods */,
			);
			indentWidth = 4;
			sourceTree = "<group>";
			tabWidth = 4;
			usesTabs = 0;
		};
/* End PBXGroup section */

/* Begin PBXNativeTarget section */
		27716DFF58208BD0FEE63C15 /* SamsaoTest */ = {
			isa = PBXNativeTarget;
			buildConfigurationList = F6FE91F4914BEA99227B6279 /* Build configuration list for PBXNativeTarget "SamsaoTest" */;
			buildPhases = (
				B5BE981B4CE003C23074E1CE /* [CP] Check Pods Manifest.lock */,
				DB6BDAC1E34DFC9726391547 /* Sources */,
				2DBC1DF2BB575AF11B906F87 /* Frameworks */,
				22FC4F0259BF2FB5E947B2DD /* Resources */,
				A822369812D268889302D272 /* [CP] Embed Pods Frameworks */,
				CC6B4465C1CDB4D2A6E68445 /* [CP] Copy Pods Resources */,
			);
			buildRules = (
			);
			dependencies = (
			);
			name = SamsaoTest;
			productName = SamsaoTest;
			productReference = 9A027354AC7AD7CBACAAF4CD /* SamsaoTest.app */;
			productType = "com.apple.product-type.application";
		};
		44AE6C221AEEF8E4922EDA05 /* UnitTests */ = {
			isa = PBXNativeTarget;
			buildConfigurationList = 1A28C594ED7D12277E2A00CB /* Build configuration list for PBXNativeTarget "UnitTests" */;
			buildPhases = (
				835B9B028989166A5FE90B57 /* Sources */,
				D4B2C66AF488C451F4E60A5D /* Frameworks */,
				F7DD67DE840696FFF25D7058 /* Resources */,
			);
			buildRules = (
			);
			dependencies = (
				63AE6770BEBB10E39C73E145 /* PBXTargetDependency */,
			);
			name = UnitTests;
			productName = UnitTests;
			productReference = 3B72D01D0F3986196F9596EA /* UnitTests.xctest */;
			productType = "com.apple.product-type.bundle.unit-test";
		};
/* End PBXNativeTarget section */

/* Begin PBXProject section */
		C41625FCBC071A6BEAF3E9DC /* Project object */ = {
			isa = PBXProject;
			attributes = {
				CLASSPREFIX = "";
				LastSwiftUpdateCheck = 0700;
				LastUpgradeCheck = 0700;
				ORGANIZATIONNAME = Samsao;
				TargetAttributes = {
					27716DFF58208BD0FEE63C15 = {
						LastSwiftMigration = 0830;
					};
					44AE6C221AEEF8E4922EDA05 = {
						LastSwiftMigration = 0830;
					};
				};
			};
			buildConfigurationList = E6E6D3F4CCF71F6630B9143B /* Build configuration list for PBXProject "SamsaoTest" */;
			compatibilityVersion = "Xcode 3.2";
			developmentRegion = English;
			hasScannedForEncodings = 0;
			knownRegions = (
				en,
			);
			mainGroup = FEB61CB79F4939FCCB791E56;
			productRefGroup = 6E0BE93FEEA8FAA7B27FF265 /* Products */;
			projectDirPath = "";
			projectRoot = "";
			targets = (
				27716DFF58208BD0FEE63C15 /* SamsaoTest */,
				44AE6C221AEEF8E4922EDA05 /* UnitTests */,
			);
		};
/* End PBXProject section */

/* Begin PBXResourcesBuildPhase section */
		22FC4F0259BF2FB5E947B2DD /* Resources */ = {
			isa = PBXResourcesBuildPhase;
			buildActionMask = 2147483647;
			files = (
				FF0370D8EABF727B202A4634 /* Images.xcassets in Resources */,
				158CA0CA1EE4B5270015CA1B /* Muli-Bold.ttf in Resources */,
				158CA0CC1EE4B5270015CA1B /* Muli-Regular.ttf in Resources */,
				E02C6D09E4754C050189D6D2 /* Main.storyboard in Resources */,
				30DAB8D088A53174D720F402 /* LaunchScreen.xib in Resources */,
				158CA0CB1EE4B5270015CA1B /* Muli-Light.ttf in Resources */,
				EED19C54F77984A4ED10FBE9 /* Settings.bundle in Resources */,
			);
			runOnlyForDeploymentPostprocessing = 0;
		};
		F7DD67DE840696FFF25D7058 /* Resources */ = {
			isa = PBXResourcesBuildPhase;
			buildActionMask = 2147483647;
			files = (
			);
			runOnlyForDeploymentPostprocessing = 0;
		};
/* End PBXResourcesBuildPhase section */

/* Begin PBXShellScriptBuildPhase section */
		A822369812D268889302D272 /* [CP] Embed Pods Frameworks */ = {
			isa = PBXShellScriptBuildPhase;
			buildActionMask = 2147483647;
			files = (
			);
			inputPaths = (
			);
			name = "[CP] Embed Pods Frameworks";
			outputPaths = (
			);
			runOnlyForDeploymentPostprocessing = 0;
			shellPath = /bin/sh;
			shellScript = "\"${SRCROOT}/Pods/Target Support Files/Pods-SamsaoTest/Pods-SamsaoTest-frameworks.sh\"\n";
			showEnvVarsInLog = 0;
		};
		B5BE981B4CE003C23074E1CE /* [CP] Check Pods Manifest.lock */ = {
			isa = PBXShellScriptBuildPhase;
			buildActionMask = 2147483647;
			files = (
			);
			inputPaths = (
			);
			name = "[CP] Check Pods Manifest.lock";
			outputPaths = (
			);
			runOnlyForDeploymentPostprocessing = 0;
			shellPath = /bin/sh;
			shellScript = "diff \"${PODS_ROOT}/../Podfile.lock\" \"${PODS_ROOT}/Manifest.lock\" > /dev/null\nif [ $? != 0 ] ; then\n    # print error to STDERR\n    echo \"error: The sandbox is not in sync with the Podfile.lock. Run 'pod install' or update your CocoaPods installation.\" >&2\n    exit 1\nfi\n";
			showEnvVarsInLog = 0;
		};
		CC6B4465C1CDB4D2A6E68445 /* [CP] Copy Pods Resources */ = {
			isa = PBXShellScriptBuildPhase;
			buildActionMask = 2147483647;
			files = (
			);
			inputPaths = (
			);
			name = "[CP] Copy Pods Resources";
			outputPaths = (
			);
			runOnlyForDeploymentPostprocessing = 0;
			shellPath = /bin/sh;
			shellScript = "\"${SRCROOT}/Pods/Target Support Files/Pods-SamsaoTest/Pods-SamsaoTest-resources.sh\"\n";
			showEnvVarsInLog = 0;
		};
/* End PBXShellScriptBuildPhase section */

/* Begin PBXSourcesBuildPhase section */
		835B9B028989166A5FE90B57 /* Sources */ = {
			isa = PBXSourcesBuildPhase;
			buildActionMask = 2147483647;
			files = (
			);
			runOnlyForDeploymentPostprocessing = 0;
		};
		DB6BDAC1E34DFC9726391547 /* Sources */ = {
			isa = PBXSourcesBuildPhase;
			buildActionMask = 2147483647;
			files = (
				158CA0CE1EE4B58C0015CA1B /* RepositoriesViewController.swift in Sources */,
				158CA0D01EE4B59A0015CA1B /* RepositoryViewController.swift in Sources */,
				1582BC821EE4C9CA0087D139 /* UIViewController.swift in Sources */,
				158CA0D41EE4B8D70015CA1B /* APIManager.swift in Sources */,
				158CA0C51EE4B0BD0015CA1B /* AppDelegate.swift in Sources */,
				158CA0D21EE4B5AA0015CA1B /* Repository.swift in Sources */,
				1582BC851EE4D2A60087D139 /* RepositoryDateTransform.swift in Sources */,
			);
			runOnlyForDeploymentPostprocessing = 0;
		};
/* End PBXSourcesBuildPhase section */

/* Begin PBXTargetDependency section */
		63AE6770BEBB10E39C73E145 /* PBXTargetDependency */ = {
			isa = PBXTargetDependency;
			name = SamsaoTest;
			target = 27716DFF58208BD0FEE63C15 /* SamsaoTest */;
			targetProxy = E9B561C6154FC6F6928D7669 /* PBXContainerItemProxy */;
		};
/* End PBXTargetDependency section */

/* Begin XCBuildConfiguration section */
		677195CDB863F8B8B3A11199 /* Release */ = {
			isa = XCBuildConfiguration;
			buildSettings = {
				ALWAYS_EMBED_SWIFT_STANDARD_LIBRARIES = YES;
				BUNDLE_LOADER = "$(BUILT_PRODUCTS_DIR)/SamsaoTest.app/SamsaoTest";
				ENABLE_STRICT_OBJC_MSGSEND = YES;
				FRAMEWORK_SEARCH_PATHS = (
					"$(SDKROOT)/Developer/Library/Frameworks",
					"$(inherited)",
					"$(DEVELOPER_FRAMEWORKS_DIR)",
				);
				INFOPLIST_FILE = "UnitTests/Resources/UnitTests-Info.plist";
				PRODUCT_NAME = "$(TARGET_NAME)";
				SDKROOT = iphoneos;
				SKIP_INSTALL = YES;
				SWIFT_VERSION = 3.0;
				TEST_HOST = "$(BUNDLE_LOADER)";
				WRAPPER_EXTENSION = xctest;
			};
			name = Release;
		};
		741AD120D392E76BA830C4BE /* Debug */ = {
			isa = XCBuildConfiguration;
			buildSettings = {
				ALWAYS_EMBED_SWIFT_STANDARD_LIBRARIES = YES;
				BUNDLE_LOADER = "$(BUILT_PRODUCTS_DIR)/SamsaoTest.app/SamsaoTest";
				ENABLE_STRICT_OBJC_MSGSEND = YES;
				FRAMEWORK_SEARCH_PATHS = (
					"$(SDKROOT)/Developer/Library/Frameworks",
					"$(inherited)",
					"$(DEVELOPER_FRAMEWORKS_DIR)",
				);
				INFOPLIST_FILE = "UnitTests/Resources/UnitTests-Info.plist";
				PRODUCT_NAME = "$(TARGET_NAME)";
				SDKROOT = iphoneos;
				SKIP_INSTALL = YES;
				SWIFT_VERSION = 3.0;
				TEST_HOST = "$(BUNDLE_LOADER)";
				WRAPPER_EXTENSION = xctest;
			};
			name = Debug;
		};
		848CAA8A457A90BF9294A986 /* Debug */ = {
			isa = XCBuildConfiguration;
			buildSettings = {
				ALWAYS_SEARCH_USER_PATHS = NO;
				ASSETCATALOG_COMPILER_APPICON_NAME = AppIcon;
				CLANG_CXX_LANGUAGE_STANDARD = "gnu++0x";
				CLANG_CXX_LIBRARY = "libc++";
				CLANG_ENABLE_MODULES = YES;
				CLANG_ENABLE_OBJC_ARC = YES;
				CLANG_WARN_BOOL_CONVERSION = YES;
				CLANG_WARN_CONSTANT_CONVERSION = YES;
				CLANG_WARN_DEPRECATED_OBJC_IMPLEMENTATIONS = YES;
				CLANG_WARN_DIRECT_OBJC_ISA_USAGE = YES;
				CLANG_WARN_EMPTY_BODY = YES;
				CLANG_WARN_ENUM_CONVERSION = YES;
				CLANG_WARN_IMPLICIT_SIGN_CONVERSION = YES;
				CLANG_WARN_INT_CONVERSION = YES;
				CLANG_WARN_OBJC_IMPLICIT_RETAIN_SELF = YES;
				CLANG_WARN_OBJC_ROOT_CLASS = YES;
				CLANG_WARN_SUSPICIOUS_IMPLICIT_CONVERSION = YES;
				CLANG_WARN_UNREACHABLE_CODE = YES;
				CLANG_WARN__DUPLICATE_METHOD_MATCH = YES;
				"CODE_SIGN_IDENTITY[sdk=iphoneos*]" = "iPhone Developer";
				COPY_PHASE_STRIP = NO;
				GCC_C_LANGUAGE_STANDARD = gnu99;
				GCC_DYNAMIC_NO_PIC = NO;
				GCC_OPTIMIZATION_LEVEL = 0;
				GCC_PREPROCESSOR_DEFINITIONS = (
					"DEBUG=1",
					"$(inherited)",
				);
				GCC_SYMBOLS_PRIVATE_EXTERN = NO;
				GCC_WARN_64_TO_32_BIT_CONVERSION = YES;
				GCC_WARN_ABOUT_DEPRECATED_FUNCTIONS = YES;
				GCC_WARN_ABOUT_MISSING_FIELD_INITIALIZERS = YES;
				GCC_WARN_ABOUT_MISSING_NEWLINE = YES;
				GCC_WARN_ABOUT_RETURN_TYPE = YES;
				GCC_WARN_CHECK_SWITCH_STATEMENTS = YES;
				GCC_WARN_INITIALIZER_NOT_FULLY_BRACKETED = YES;
				GCC_WARN_MISSING_PARENTHESES = YES;
				GCC_WARN_SHADOW = YES;
				GCC_WARN_SIGN_COMPARE = YES;
				GCC_WARN_TYPECHECK_CALLS_TO_PRINTF = YES;
				GCC_WARN_UNDECLARED_SELECTOR = YES;
				GCC_WARN_UNINITIALIZED_AUTOS = YES;
				GCC_WARN_UNUSED_FUNCTION = YES;
				GCC_WARN_UNUSED_LABEL = YES;
				GCC_WARN_UNUSED_VALUE = YES;
				GCC_WARN_UNUSED_VARIABLE = YES;
				IPHONEOS_DEPLOYMENT_TARGET = 8.0;
				ONLY_ACTIVE_ARCH = YES;
				RUN_CLANG_STATIC_ANALYZER = YES;
				SDKROOT = iphoneos;
			};
			name = Debug;
		};
		DA350A90275FEC34EF094D98 /* Release */ = {
			isa = XCBuildConfiguration;
			buildSettings = {
				ALWAYS_SEARCH_USER_PATHS = NO;
				ASSETCATALOG_COMPILER_APPICON_NAME = AppIcon;
				CLANG_CXX_LANGUAGE_STANDARD = "gnu++0x";
				CLANG_CXX_LIBRARY = "libc++";
				CLANG_ENABLE_MODULES = YES;
				CLANG_ENABLE_OBJC_ARC = YES;
				CLANG_WARN_BOOL_CONVERSION = YES;
				CLANG_WARN_CONSTANT_CONVERSION = YES;
				CLANG_WARN_DEPRECATED_OBJC_IMPLEMENTATIONS = YES;
				CLANG_WARN_DIRECT_OBJC_ISA_USAGE = YES;
				CLANG_WARN_EMPTY_BODY = YES;
				CLANG_WARN_ENUM_CONVERSION = YES;
				CLANG_WARN_IMPLICIT_SIGN_CONVERSION = YES;
				CLANG_WARN_INT_CONVERSION = YES;
				CLANG_WARN_OBJC_IMPLICIT_RETAIN_SELF = YES;
				CLANG_WARN_OBJC_ROOT_CLASS = YES;
				CLANG_WARN_SUSPICIOUS_IMPLICIT_CONVERSION = YES;
				CLANG_WARN_UNREACHABLE_CODE = YES;
				CLANG_WARN__DUPLICATE_METHOD_MATCH = YES;
				"CODE_SIGN_IDENTITY[sdk=iphoneos*]" = "iPhone Developer";
				COPY_PHASE_STRIP = YES;
				ENABLE_NS_ASSERTIONS = NO;
				GCC_C_LANGUAGE_STANDARD = gnu99;
				GCC_WARN_64_TO_32_BIT_CONVERSION = YES;
				GCC_WARN_ABOUT_DEPRECATED_FUNCTIONS = YES;
				GCC_WARN_ABOUT_MISSING_FIELD_INITIALIZERS = YES;
				GCC_WARN_ABOUT_MISSING_NEWLINE = YES;
				GCC_WARN_ABOUT_RETURN_TYPE = YES;
				GCC_WARN_CHECK_SWITCH_STATEMENTS = YES;
				GCC_WARN_INITIALIZER_NOT_FULLY_BRACKETED = YES;
				GCC_WARN_MISSING_PARENTHESES = YES;
				GCC_WARN_SHADOW = YES;
				GCC_WARN_SIGN_COMPARE = YES;
				GCC_WARN_TYPECHECK_CALLS_TO_PRINTF = YES;
				GCC_WARN_UNDECLARED_SELECTOR = YES;
				GCC_WARN_UNINITIALIZED_AUTOS = YES;
				GCC_WARN_UNUSED_FUNCTION = YES;
				GCC_WARN_UNUSED_LABEL = YES;
				GCC_WARN_UNUSED_VALUE = YES;
				GCC_WARN_UNUSED_VARIABLE = YES;
				IPHONEOS_DEPLOYMENT_TARGET = 8.0;
				RUN_CLANG_STATIC_ANALYZER = YES;
				SDKROOT = iphoneos;
				VALIDATE_PRODUCT = YES;
			};
			name = Release;
		};
		F1B93403D12873E82229ADF5 /* Debug */ = {
			isa = XCBuildConfiguration;
			baseConfigurationReference = 2D47286DF6FB85F598A19DBA /* Pods-SamsaoTest.debug.xcconfig */;
			buildSettings = {
				ASSETCATALOG_COMPILER_APPICON_NAME = AppIcon;
				"CODE_SIGN_IDENTITY[sdk=iphoneos*]" = "iPhone Developer";
				ENABLE_STRICT_OBJC_MSGSEND = YES;
				INFOPLIST_FILE = "SamsaoTest/Resources/Other-Sources/Info.plist";
				LD_RUNPATH_SEARCH_PATHS = "$(inherited) @executable_path/Frameworks";
				MTL_ENABLE_DEBUG_INFO = YES;
				PRODUCT_BUNDLE_IDENTIFIER = co.samsao.test;
				PRODUCT_NAME = "$(TARGET_NAME)";
				SDKROOT = iphoneos;
				SWIFT_VERSION = 3.0;
			};
			name = Debug;
		};
		FDFA9636C9579159D459B610 /* Release */ = {
			isa = XCBuildConfiguration;
			baseConfigurationReference = D2876E96B0E6E0618185C16E /* Pods-SamsaoTest.release.xcconfig */;
			buildSettings = {
				ASSETCATALOG_COMPILER_APPICON_NAME = AppIcon;
				"CODE_SIGN_IDENTITY[sdk=iphoneos*]" = "iPhone Developer";
				ENABLE_STRICT_OBJC_MSGSEND = YES;
				GCC_TREAT_WARNINGS_AS_ERRORS = YES;
				INFOPLIST_FILE = "SamsaoTest/Resources/Other-Sources/Info.plist";
				LD_RUNPATH_SEARCH_PATHS = "$(inherited) @executable_path/Frameworks";
				MTL_ENABLE_DEBUG_INFO = NO;
				PRODUCT_BUNDLE_IDENTIFIER = co.samsao.test;
				PRODUCT_NAME = "$(TARGET_NAME)";
				SDKROOT = iphoneos;
				SWIFT_VERSION = 3.0;
			};
			name = Release;
		};
/* End XCBuildConfiguration section */

/* Begin XCConfigurationList section */
		1A28C594ED7D12277E2A00CB /* Build configuration list for PBXNativeTarget "UnitTests" */ = {
			isa = XCConfigurationList;
			buildConfigurations = (
				677195CDB863F8B8B3A11199 /* Release */,
				741AD120D392E76BA830C4BE /* Debug */,
			);
			defaultConfigurationIsVisible = 0;
			defaultConfigurationName = Release;
		};
		E6E6D3F4CCF71F6630B9143B /* Build configuration list for PBXProject "SamsaoTest" */ = {
			isa = XCConfigurationList;
			buildConfigurations = (
				848CAA8A457A90BF9294A986 /* Debug */,
				DA350A90275FEC34EF094D98 /* Release */,
			);
			defaultConfigurationIsVisible = 0;
			defaultConfigurationName = Release;
		};
		F6FE91F4914BEA99227B6279 /* Build configuration list for PBXNativeTarget "SamsaoTest" */ = {
			isa = XCConfigurationList;
			buildConfigurations = (
				FDFA9636C9579159D459B610 /* Release */,
				F1B93403D12873E82229ADF5 /* Debug */,
			);
			defaultConfigurationIsVisible = 0;
			defaultConfigurationName = Release;
		};
/* End XCConfigurationList section */
	};
	rootObject = C41625FCBC071A6BEAF3E9DC /* Project object */;
}
